
Microsoft Visual Studio Solution File, Format Version 12.00
# Visual Studio Version 17
VisualStudioVersion = 17.5.002.0
MinimumVisualStudioVersion = 10.0.40219.1
Project("{9A19103F-16F7-4668-BE54-9A1E7A4F7556}") = "AI_Path_Visualizer", "AI_Path_Visualizer.csproj", "{9E772B73-BAC0-428E-8C7D-336B77BB76E3}"
EndProject
Global
	GlobalSection(SolutionConfigurationPlatforms) = preSolution
		Debug|Any CPU = Debug|Any CPU
		Release|Any CPU = Release|Any CPU
	EndGlobalSection
	GlobalSection(ProjectConfigurationPlatforms) = postSolution
		{9E772B73-BAC0-428E-8C7D-336B77BB76E3}.Debug|Any CPU.ActiveCfg = Debug|Any CPU
		{9E772B73-BAC0-428E-8C7D-336B77BB76E3}.Debug|Any CPU.Build.0 = Debug|Any CPU
		{9E772B73-BAC0-428E-8C7D-336B77BB76E3}.Release|Any CPU.ActiveCfg = Release|Any CPU
		{9E772B73-BAC0-428E-8C7D-336B77BB76E3}.Release|Any CPU.Build.0 = Release|Any CPU
	EndGlobalSection
	GlobalSection(SolutionProperties) = preSolution
		HideSolutionNode = FALSE
	EndGlobalSection
	GlobalSection(ExtensibilityGlobals) = postSolution
		SolutionGuid = {ABECEC9A-73F7-40AE-8973-63EA79787821}
	EndGlobalSection
EndGlobal
