
Microsoft Visual Studio Solution File, Format Version 12.00
# Visual Studio Version 17
VisualStudioVersion = 17.8.34525.116
MinimumVisualStudioVersion = 10.0.40219.1
Project("{FAE04EC0-301F-11D3-BF4B-00C04F79EFBC}") = "AI_Path_Visualizer", "AI_Path_Visualizer\AI_Path_Visualizer.csproj", "{6FB34FC1-CD78-4C15-B9AE-ED9F20E40A97}"
EndProject
Global
	GlobalSection(SolutionConfigurationPlatforms) = preSolution
		Debug|Any CPU = Debug|Any CPU
		Release|Any CPU = Release|Any CPU
	EndGlobalSection
	GlobalSection(ProjectConfigurationPlatforms) = postSolution
		{6FB34FC1-CD78-4C15-B9AE-ED9F20E40A97}.Debug|Any CPU.ActiveCfg = Debug|Any CPU
		{6FB34FC1-CD78-4C15-B9AE-ED9F20E40A97}.Debug|Any CPU.Build.0 = Debug|Any CPU
		{6FB34FC1-CD78-4C15-B9AE-ED9F20E40A97}.Release|Any CPU.ActiveCfg = Release|Any CPU
		{6FB34FC1-CD78-4C15-B9AE-ED9F20E40A97}.Release|Any CPU.Build.0 = Release|Any CPU
	EndGlobalSection
	GlobalSection(SolutionProperties) = preSolution
		HideSolutionNode = FALSE
	EndGlobalSection
	GlobalSection(ExtensibilityGlobals) = postSolution
		SolutionGuid = {2782D6CD-FE3D-4CD9-B0C6-E2D90D1357F8}
	EndGlobalSection
EndGlobal
